
Microsoft Visual Studio Solution File, Format Version 12.00
# Visual Studio Version 17
VisualStudioVersion = 17.4.33205.214
MinimumVisualStudioVersion = 10.0.40219.1
Project("{FAE04EC0-301F-11D3-BF4B-00C04F79EFBC}") = "PM5020", "PM5020\PM5020.csproj", "{1E4A685E-125E-4FBB-A539-F9C960F71DFC}"
EndProject
Global
	GlobalSection(SolutionConfigurationPlatforms) = preSolution
		Debug|Any CPU = Debug|Any CPU
		Release|Any CPU = Release|Any CPU
	EndGlobalSection
	GlobalSection(ProjectConfigurationPlatforms) = postSolution
		{1E4A685E-125E-4FBB-A539-F9C960F71DFC}.Debug|Any CPU.ActiveCfg = Debug|Any CPU
		{1E4A685E-125E-4FBB-A539-F9C960F71DFC}.Debug|Any CPU.Build.0 = Debug|Any CPU
		{1E4A685E-125E-4FBB-A539-F9C960F71DFC}.Release|Any CPU.ActiveCfg = Release|Any CPU
		{1E4A685E-125E-4FBB-A539-F9C960F71DFC}.Release|Any CPU.Build.0 = Release|Any CPU
	EndGlobalSection
	GlobalSection(SolutionProperties) = preSolution
		HideSolutionNode = FALSE
	EndGlobalSection
	GlobalSection(ExtensibilityGlobals) = postSolution
		SolutionGuid = {68C98D31-B0FB-4724-A5E3-36FB73D80170}
	EndGlobalSection
EndGlobal
