
Microsoft Visual Studio Solution File, Format Version 12.00
# Visual Studio Version 17
VisualStudioVersion = 17.4.33205.214
MinimumVisualStudioVersion = 10.0.40219.1
Project("{FAE04EC0-301F-11D3-BF4B-00C04F79EFBC}") = "CCS Continuous Scan", "CCS Continuous Scan.csproj", "{8CCBBFF7-FAD3-4BF7-84C4-FC4879803D9B}"
EndProject
Global
	GlobalSection(SolutionConfigurationPlatforms) = preSolution
		Debug|Any CPU = Debug|Any CPU
		Release|Any CPU = Release|Any CPU
	EndGlobalSection
	GlobalSection(ProjectConfigurationPlatforms) = postSolution
		{8CCBBFF7-FAD3-4BF7-84C4-FC4879803D9B}.Debug|Any CPU.ActiveCfg = Debug|Any CPU
		{8CCBBFF7-FAD3-4BF7-84C4-FC4879803D9B}.Debug|Any CPU.Build.0 = Debug|Any CPU
		{8CCBBFF7-FAD3-4BF7-84C4-FC4879803D9B}.Release|Any CPU.ActiveCfg = Release|Any CPU
		{8CCBBFF7-FAD3-4BF7-84C4-FC4879803D9B}.Release|Any CPU.Build.0 = Release|Any CPU
	EndGlobalSection
	GlobalSection(SolutionProperties) = preSolution
		HideSolutionNode = FALSE
	EndGlobalSection
	GlobalSection(ExtensibilityGlobals) = postSolution
		SolutionGuid = {2A848D90-3C52-4A0F-872C-704BF666DF33}
	EndGlobalSection
EndGlobal
